
Microsoft Visual Studio Solution File, Format Version 12.00
# Visual Studio Version 17
VisualStudioVersion = 17.4.33110.190
MinimumVisualStudioVersion = 10.0.40219.1
Project("{FAE04EC0-301F-11D3-BF4B-00C04F79EFBC}") = "DemoNUnit", "DemoNUnit\DemoNUnit.csproj", "{81E9DC79-0203-4A9C-AE3B-442B172E3433}"
EndProject
Project("{FAE04EC0-301F-11D3-BF4B-00C04F79EFBC}") = "StudentAverageTest", "StudentAverageTest\StudentAverageTest.csproj", "{32015E8E-F393-46BD-8B1E-781D91C85AD3}"
EndProject
Global
	GlobalSection(SolutionConfigurationPlatforms) = preSolution
		Debug|Any CPU = Debug|Any CPU
		Release|Any CPU = Release|Any CPU
	EndGlobalSection
	GlobalSection(ProjectConfigurationPlatforms) = postSolution
		{81E9DC79-0203-4A9C-AE3B-442B172E3433}.Debug|Any CPU.ActiveCfg = Debug|Any CPU
		{81E9DC79-0203-4A9C-AE3B-442B172E3433}.Debug|Any CPU.Build.0 = Debug|Any CPU
		{81E9DC79-0203-4A9C-AE3B-442B172E3433}.Release|Any CPU.ActiveCfg = Release|Any CPU
		{81E9DC79-0203-4A9C-AE3B-442B172E3433}.Release|Any CPU.Build.0 = Release|Any CPU
		{32015E8E-F393-46BD-8B1E-781D91C85AD3}.Debug|Any CPU.ActiveCfg = Debug|Any CPU
		{32015E8E-F393-46BD-8B1E-781D91C85AD3}.Debug|Any CPU.Build.0 = Debug|Any CPU
		{32015E8E-F393-46BD-8B1E-781D91C85AD3}.Release|Any CPU.ActiveCfg = Release|Any CPU
		{32015E8E-F393-46BD-8B1E-781D91C85AD3}.Release|Any CPU.Build.0 = Release|Any CPU
	EndGlobalSection
	GlobalSection(SolutionProperties) = preSolution
		HideSolutionNode = FALSE
	EndGlobalSection
	GlobalSection(ExtensibilityGlobals) = postSolution
		SolutionGuid = {0A1F1FB2-976A-4384-A240-8C8DF9F834CB}
	EndGlobalSection
EndGlobal
